// !$*UTF8*$!
{
	archiveVersion = 1;
	classes = {
	};
	objectVersion = 55;
	objects = {

/* Begin PBXBuildFile section */
		777682BC273AFFE100AD3739 /* ListingDetailViewController.swift in Sources */ = {isa = PBXBuildFile; fileRef = 777682BB273AFFE100AD3739 /* ListingDetailViewController.swift */; };
		777682BE273AFFF000AD3739 /* ListingDetail.storyboard in Resources */ = {isa = PBXBuildFile; fileRef = 777682BD273AFFF000AD3739 /* ListingDetail.storyboard */; };
		777682C2273B043D00AD3739 /* ListingDetailViewController_v1.m in Sources */ = {isa = PBXBuildFile; fileRef = 777682C1273B043D00AD3739 /* ListingDetailViewController_v1.m */; };
		7794FE7F273A86D600A05201 /* AppDelegate.swift in Sources */ = {isa = PBXBuildFile; fileRef = 7794FE7E273A86D600A05201 /* AppDelegate.swift */; };
		7794FE81273A86D600A05201 /* SceneDelegate.swift in Sources */ = {isa = PBXBuildFile; fileRef = 7794FE80273A86D600A05201 /* SceneDelegate.swift */; };
		7794FE88273A86D700A05201 /* Assets.xcassets in Resources */ = {isa = PBXBuildFile; fileRef = 7794FE87273A86D700A05201 /* Assets.xcassets */; };
		7794FE8B273A86D700A05201 /* LaunchScreen.storyboard in Resources */ = {isa = PBXBuildFile; fileRef = 7794FE89273A86D700A05201 /* LaunchScreen.storyboard */; };
		7794FEB0273A877900A05201 /* AppCoordinator.swift in Sources */ = {isa = PBXBuildFile; fileRef = 7794FEAF273A877900A05201 /* AppCoordinator.swift */; };
		7794FEB2273A877F00A05201 /* AppServiceLocator.swift in Sources */ = {isa = PBXBuildFile; fileRef = 7794FEB1273A877F00A05201 /* AppServiceLocator.swift */; };
		7794FEC5273A87B000A05201 /* BaseCoordinator.swift in Sources */ = {isa = PBXBuildFile; fileRef = 7794FEB5273A87B000A05201 /* BaseCoordinator.swift */; };
		7794FEC6273A87B000A05201 /* Coordinator.swift in Sources */ = {isa = PBXBuildFile; fileRef = 7794FEB6273A87B000A05201 /* Coordinator.swift */; };
		7794FEC7273A87B000A05201 /* Run.swift in Sources */ = {isa = PBXBuildFile; fileRef = 7794FEB8273A87B000A05201 /* Run.swift */; };
		7794FEC8273A87B000A05201 /* UIFont+Extension.swift in Sources */ = {isa = PBXBuildFile; fileRef = 7794FEBA273A87B000A05201 /* UIFont+Extension.swift */; };
		7794FEC9273A87B000A05201 /* UIColor+Extension.swift in Sources */ = {isa = PBXBuildFile; fileRef = 7794FEBB273A87B000A05201 /* UIColor+Extension.swift */; };
		7794FECA273A87B000A05201 /* Array.swift in Sources */ = {isa = PBXBuildFile; fileRef = 7794FEBC273A87B000A05201 /* Array.swift */; };
		7794FECB273A87B000A05201 /* UIViewController+Extension.swift in Sources */ = {isa = PBXBuildFile; fileRef = 7794FEBD273A87B000A05201 /* UIViewController+Extension.swift */; };
		7794FECC273A87B000A05201 /* UIStoryboard+Extension.swift in Sources */ = {isa = PBXBuildFile; fileRef = 7794FEBE273A87B000A05201 /* UIStoryboard+Extension.swift */; };
		7794FECD273A87B000A05201 /* Int.swift in Sources */ = {isa = PBXBuildFile; fileRef = 7794FEBF273A87B000A05201 /* Int.swift */; };
		7794FECE273A87B000A05201 /* UITableViewCell.swift in Sources */ = {isa = PBXBuildFile; fileRef = 7794FEC0273A87B000A05201 /* UITableViewCell.swift */; };
		7794FECF273A87B000A05201 /* UIImageView.swift in Sources */ = {isa = PBXBuildFile; fileRef = 7794FEC1273A87B000A05201 /* UIImageView.swift */; };
		7794FED0273A87B000A05201 /* UITableView+Extension.swift in Sources */ = {isa = PBXBuildFile; fileRef = 7794FEC2273A87B000A05201 /* UITableView+Extension.swift */; };
		7794FED1273A87B000A05201 /* AppNavigationController.swift in Sources */ = {isa = PBXBuildFile; fileRef = 7794FEC4273A87B000A05201 /* AppNavigationController.swift */; };
		7794FED6273A88BA00A05201 /* ListingViewModel.swift in Sources */ = {isa = PBXBuildFile; fileRef = 7794FED5273A88BA00A05201 /* ListingViewModel.swift */; };
		7794FED8273A88C600A05201 /* ListingViewModelDelegate.swift in Sources */ = {isa = PBXBuildFile; fileRef = 7794FED7273A88C600A05201 /* ListingViewModelDelegate.swift */; };
		7794FEDA273A89AF00A05201 /* Listing.storyboard in Resources */ = {isa = PBXBuildFile; fileRef = 7794FED9273A89AF00A05201 /* Listing.storyboard */; };
		7794FEDC273A89FA00A05201 /* ListingViewController.swift in Sources */ = {isa = PBXBuildFile; fileRef = 7794FEDB273A89FA00A05201 /* ListingViewController.swift */; };
		7794FEDE273A8A9300A05201 /* ListingCoordinator.swift in Sources */ = {isa = PBXBuildFile; fileRef = 7794FEDD273A8A9300A05201 /* ListingCoordinator.swift */; };
		7794FEE2273A8AE400A05201 /* ListingViewControllersFactory.swift in Sources */ = {isa = PBXBuildFile; fileRef = 7794FEE1273A8AE400A05201 /* ListingViewControllersFactory.swift */; };
		7794FEEB273A8B2200A05201 /* NetworkError.swift in Sources */ = {isa = PBXBuildFile; fileRef = 7794FEE5273A8B2200A05201 /* NetworkError.swift */; };
		7794FEEC273A8B2200A05201 /* NetworkListingUseCase.swift in Sources */ = {isa = PBXBuildFile; fileRef = 7794FEE6273A8B2200A05201 /* NetworkListingUseCase.swift */; };
		7794FEED273A8B2200A05201 /* ListingUseCase.swift in Sources */ = {isa = PBXBuildFile; fileRef = 7794FEE8273A8B2200A05201 /* ListingUseCase.swift */; };
		7794FEEE273A8B2200A05201 /* Listing.swift in Sources */ = {isa = PBXBuildFile; fileRef = 7794FEEA273A8B2200A05201 /* Listing.swift */; };
		7794FEF2273A8B8900A05201 /* NetworkServiceProtocol.swift in Sources */ = {isa = PBXBuildFile; fileRef = 7794FEF0273A8B8900A05201 /* NetworkServiceProtocol.swift */; };
		7794FEF3273A8B8900A05201 /* NetworkService.swift in Sources */ = {isa = PBXBuildFile; fileRef = 7794FEF1273A8B8900A05201 /* NetworkService.swift */; };
		7794FEF6273A8BE400A05201 /* APIConstants.swift in Sources */ = {isa = PBXBuildFile; fileRef = 7794FEF5273A8BE400A05201 /* APIConstants.swift */; };
		7794FEF8273A92F700A05201 /* ListingTableViewCell.swift in Sources */ = {isa = PBXBuildFile; fileRef = 7794FEF7273A92F700A05201 /* ListingTableViewCell.swift */; };
		7794FEFB273A949200A05201 /* SDWebImage in Frameworks */ = {isa = PBXBuildFile; productRef = 7794FEFA273A949200A05201 /* SDWebImage */; };
		7794FEFD273ACD3100A05201 /* ListingRowViewModel.swift in Sources */ = {isa = PBXBuildFile; fileRef = 7794FEFC273ACD3100A05201 /* ListingRowViewModel.swift */; };
		77B90F00273BC544006DD30C /* ListingUseCaseTests.swift in Sources */ = {isa = PBXBuildFile; fileRef = 77B90EFE273BC544006DD30C /* ListingUseCaseTests.swift */; };
		77B90F01273BC544006DD30C /* ListingViewModelTests.swift in Sources */ = {isa = PBXBuildFile; fileRef = 77B90EFF273BC544006DD30C /* ListingViewModelTests.swift */; };
		77B90F04273BC54D006DD30C /* Listings.json in Resources */ = {isa = PBXBuildFile; fileRef = 77B90F03273BC54D006DD30C /* Listings.json */; };
		77B90F09273BC554006DD30C /* NetworkServiceMock.swift in Sources */ = {isa = PBXBuildFile; fileRef = 77B90F06273BC554006DD30C /* NetworkServiceMock.swift */; };
		77B90F0A273BC554006DD30C /* ListingNavigatorMock.swift in Sources */ = {isa = PBXBuildFile; fileRef = 77B90F07273BC554006DD30C /* ListingNavigatorMock.swift */; };
		77B90F0B273BC554006DD30C /* ListingUseCaseMock.swift in Sources */ = {isa = PBXBuildFile; fileRef = 77B90F08273BC554006DD30C /* ListingUseCaseMock.swift */; };
/* End PBXBuildFile section */

/* Begin PBXContainerItemProxy section */
		7794FE92273A86D800A05201 /* PBXContainerItemProxy */ = {
			isa = PBXContainerItemProxy;
			containerPortal = 7794FE73273A86D600A05201 /* Project object */;
			proxyType = 1;
			remoteGlobalIDString = 7794FE7A273A86D600A05201;
			remoteInfo = ListingChallenge;
		};
/* End PBXContainerItemProxy section */

/* Begin PBXFileReference section */
		777682BB273AFFE100AD3739 /* ListingDetailViewController.swift */ = {isa = PBXFileReference; lastKnownFileType = sourcecode.swift; path = ListingDetailViewController.swift; sourceTree = "<group>"; };
		777682BD273AFFF000AD3739 /* ListingDetail.storyboard */ = {isa = PBXFileReference; lastKnownFileType = file.storyboard; path = ListingDetail.storyboard; sourceTree = "<group>"; };
		777682BF273B043D00AD3739 /* ListingChallenge-Bridging-Header.h */ = {isa = PBXFileReference; lastKnownFileType = sourcecode.c.h; path = "ListingChallenge-Bridging-Header.h"; sourceTree = "<group>"; };
		777682C0273B043D00AD3739 /* ListingDetailViewController_v1.h */ = {isa = PBXFileReference; lastKnownFileType = sourcecode.c.h; path = ListingDetailViewController_v1.h; sourceTree = "<group>"; };
		777682C1273B043D00AD3739 /* ListingDetailViewController_v1.m */ = {isa = PBXFileReference; lastKnownFileType = sourcecode.c.objc; path = ListingDetailViewController_v1.m; sourceTree = "<group>"; };
		7794FE7B273A86D600A05201 /* ListingChallenge.app */ = {isa = PBXFileReference; explicitFileType = wrapper.application; includeInIndex = 0; path = ListingChallenge.app; sourceTree = BUILT_PRODUCTS_DIR; };
		7794FE7E273A86D600A05201 /* AppDelegate.swift */ = {isa = PBXFileReference; lastKnownFileType = sourcecode.swift; path = AppDelegate.swift; sourceTree = "<group>"; };
		7794FE80273A86D600A05201 /* SceneDelegate.swift */ = {isa = PBXFileReference; lastKnownFileType = sourcecode.swift; path = SceneDelegate.swift; sourceTree = "<group>"; };
		7794FE87273A86D700A05201 /* Assets.xcassets */ = {isa = PBXFileReference; lastKnownFileType = folder.assetcatalog; path = Assets.xcassets; sourceTree = "<group>"; };
		7794FE8A273A86D700A05201 /* Base */ = {isa = PBXFileReference; lastKnownFileType = file.storyboard; name = Base; path = Base.lproj/LaunchScreen.storyboard; sourceTree = "<group>"; };
		7794FE8C273A86D700A05201 /* Info.plist */ = {isa = PBXFileReference; lastKnownFileType = text.plist.xml; path = Info.plist; sourceTree = "<group>"; };
		7794FE91273A86D800A05201 /* ListingChallengeTests.xctest */ = {isa = PBXFileReference; explicitFileType = wrapper.cfbundle; includeInIndex = 0; path = ListingChallengeTests.xctest; sourceTree = BUILT_PRODUCTS_DIR; };
		7794FEAF273A877900A05201 /* AppCoordinator.swift */ = {isa = PBXFileReference; fileEncoding = 4; lastKnownFileType = sourcecode.swift; path = AppCoordinator.swift; sourceTree = "<group>"; };
		7794FEB1273A877F00A05201 /* AppServiceLocator.swift */ = {isa = PBXFileReference; fileEncoding = 4; lastKnownFileType = sourcecode.swift; path = AppServiceLocator.swift; sourceTree = "<group>"; };
		7794FEB5273A87B000A05201 /* BaseCoordinator.swift */ = {isa = PBXFileReference; fileEncoding = 4; lastKnownFileType = sourcecode.swift; path = BaseCoordinator.swift; sourceTree = "<group>"; };
		7794FEB6273A87B000A05201 /* Coordinator.swift */ = {isa = PBXFileReference; fileEncoding = 4; lastKnownFileType = sourcecode.swift; path = Coordinator.swift; sourceTree = "<group>"; };
		7794FEB8273A87B000A05201 /* Run.swift */ = {isa = PBXFileReference; fileEncoding = 4; lastKnownFileType = sourcecode.swift; path = Run.swift; sourceTree = "<group>"; };
		7794FEBA273A87B000A05201 /* UIFont+Extension.swift */ = {isa = PBXFileReference; fileEncoding = 4; lastKnownFileType = sourcecode.swift; path = "UIFont+Extension.swift"; sourceTree = "<group>"; };
		7794FEBB273A87B000A05201 /* UIColor+Extension.swift */ = {isa = PBXFileReference; fileEncoding = 4; lastKnownFileType = sourcecode.swift; path = "UIColor+Extension.swift"; sourceTree = "<group>"; };
		7794FEBC273A87B000A05201 /* Array.swift */ = {isa = PBXFileReference; fileEncoding = 4; lastKnownFileType = sourcecode.swift; path = Array.swift; sourceTree = "<group>"; };
		7794FEBD273A87B000A05201 /* UIViewController+Extension.swift */ = {isa = PBXFileReference; fileEncoding = 4; lastKnownFileType = sourcecode.swift; path = "UIViewController+Extension.swift"; sourceTree = "<group>"; };
		7794FEBE273A87B000A05201 /* UIStoryboard+Extension.swift */ = {isa = PBXFileReference; fileEncoding = 4; lastKnownFileType = sourcecode.swift; path = "UIStoryboard+Extension.swift"; sourceTree = "<group>"; };
		7794FEBF273A87B000A05201 /* Int.swift */ = {isa = PBXFileReference; fileEncoding = 4; lastKnownFileType = sourcecode.swift; path = Int.swift; sourceTree = "<group>"; };
		7794FEC0273A87B000A05201 /* UITableViewCell.swift */ = {isa = PBXFileReference; fileEncoding = 4; lastKnownFileType = sourcecode.swift; path = UITableViewCell.swift; sourceTree = "<group>"; };
		7794FEC1273A87B000A05201 /* UIImageView.swift */ = {isa = PBXFileReference; fileEncoding = 4; lastKnownFileType = sourcecode.swift; path = UIImageView.swift; sourceTree = "<group>"; };
		7794FEC2273A87B000A05201 /* UITableView+Extension.swift */ = {isa = PBXFileReference; fileEncoding = 4; lastKnownFileType = sourcecode.swift; path = "UITableView+Extension.swift"; sourceTree = "<group>"; };
		7794FEC4273A87B000A05201 /* AppNavigationController.swift */ = {isa = PBXFileReference; fileEncoding = 4; lastKnownFileType = sourcecode.swift; path = AppNavigationController.swift; sourceTree = "<group>"; };
		7794FED5273A88BA00A05201 /* ListingViewModel.swift */ = {isa = PBXFileReference; lastKnownFileType = sourcecode.swift; path = ListingViewModel.swift; sourceTree = "<group>"; };
		7794FED7273A88C600A05201 /* ListingViewModelDelegate.swift */ = {isa = PBXFileReference; lastKnownFileType = sourcecode.swift; path = ListingViewModelDelegate.swift; sourceTree = "<group>"; };
		7794FED9273A89AF00A05201 /* Listing.storyboard */ = {isa = PBXFileReference; lastKnownFileType = file.storyboard; path = Listing.storyboard; sourceTree = "<group>"; };
		7794FEDB273A89FA00A05201 /* ListingViewController.swift */ = {isa = PBXFileReference; lastKnownFileType = sourcecode.swift; path = ListingViewController.swift; sourceTree = "<group>"; };
		7794FEDD273A8A9300A05201 /* ListingCoordinator.swift */ = {isa = PBXFileReference; lastKnownFileType = sourcecode.swift; path = ListingCoordinator.swift; sourceTree = "<group>"; };
		7794FEE1273A8AE400A05201 /* ListingViewControllersFactory.swift */ = {isa = PBXFileReference; fileEncoding = 4; lastKnownFileType = sourcecode.swift; path = ListingViewControllersFactory.swift; sourceTree = "<group>"; };
		7794FEE5273A8B2200A05201 /* NetworkError.swift */ = {isa = PBXFileReference; fileEncoding = 4; lastKnownFileType = sourcecode.swift; path = NetworkError.swift; sourceTree = "<group>"; };
		7794FEE6273A8B2200A05201 /* NetworkListingUseCase.swift */ = {isa = PBXFileReference; fileEncoding = 4; lastKnownFileType = sourcecode.swift; path = NetworkListingUseCase.swift; sourceTree = "<group>"; };
		7794FEE8273A8B2200A05201 /* ListingUseCase.swift */ = {isa = PBXFileReference; fileEncoding = 4; lastKnownFileType = sourcecode.swift; path = ListingUseCase.swift; sourceTree = "<group>"; };
		7794FEEA273A8B2200A05201 /* Listing.swift */ = {isa = PBXFileReference; fileEncoding = 4; lastKnownFileType = sourcecode.swift; path = Listing.swift; sourceTree = "<group>"; };
		7794FEF0273A8B8900A05201 /* NetworkServiceProtocol.swift */ = {isa = PBXFileReference; fileEncoding = 4; lastKnownFileType = sourcecode.swift; path = NetworkServiceProtocol.swift; sourceTree = "<group>"; };
		7794FEF1273A8B8900A05201 /* NetworkService.swift */ = {isa = PBXFileReference; fileEncoding = 4; lastKnownFileType = sourcecode.swift; path = NetworkService.swift; sourceTree = "<group>"; };
		7794FEF5273A8BE400A05201 /* APIConstants.swift */ = {isa = PBXFileReference; fileEncoding = 4; lastKnownFileType = sourcecode.swift; path = APIConstants.swift; sourceTree = "<group>"; };
		7794FEF7273A92F700A05201 /* ListingTableViewCell.swift */ = {isa = PBXFileReference; lastKnownFileType = sourcecode.swift; path = ListingTableViewCell.swift; sourceTree = "<group>"; };
		7794FEFC273ACD3100A05201 /* ListingRowViewModel.swift */ = {isa = PBXFileReference; lastKnownFileType = sourcecode.swift; path = ListingRowViewModel.swift; sourceTree = "<group>"; };
		77B90EFE273BC544006DD30C /* ListingUseCaseTests.swift */ = {isa = PBXFileReference; fileEncoding = 4; lastKnownFileType = sourcecode.swift; path = ListingUseCaseTests.swift; sourceTree = "<group>"; };
		77B90EFF273BC544006DD30C /* ListingViewModelTests.swift */ = {isa = PBXFileReference; fileEncoding = 4; lastKnownFileType = sourcecode.swift; path = ListingViewModelTests.swift; sourceTree = "<group>"; };
		77B90F03273BC54D006DD30C /* Listings.json */ = {isa = PBXFileReference; fileEncoding = 4; lastKnownFileType = text.json; path = Listings.json; sourceTree = "<group>"; };
		77B90F06273BC554006DD30C /* NetworkServiceMock.swift */ = {isa = PBXFileReference; fileEncoding = 4; lastKnownFileType = sourcecode.swift; path = NetworkServiceMock.swift; sourceTree = "<group>"; };
		77B90F07273BC554006DD30C /* ListingNavigatorMock.swift */ = {isa = PBXFileReference; fileEncoding = 4; lastKnownFileType = sourcecode.swift; path = ListingNavigatorMock.swift; sourceTree = "<group>"; };
		77B90F08273BC554006DD30C /* ListingUseCaseMock.swift */ = {isa = PBXFileReference; fileEncoding = 4; lastKnownFileType = sourcecode.swift; path = ListingUseCaseMock.swift; sourceTree = "<group>"; };
/* End PBXFileReference section */

/* Begin PBXFrameworksBuildPhase section */
		7794FE78273A86D600A05201 /* Frameworks */ = {
			isa = PBXFrameworksBuildPhase;
			buildActionMask = 2147483647;
			files = (
				7794FEFB273A949200A05201 /* SDWebImage in Frameworks */,
			);
			runOnlyForDeploymentPostprocessing = 0;
		};
		7794FE8E273A86D800A05201 /* Frameworks */ = {
			isa = PBXFrameworksBuildPhase;
			buildActionMask = 2147483647;
			files = (
			);
			runOnlyForDeploymentPostprocessing = 0;
		};
/* End PBXFrameworksBuildPhase section */

/* Begin PBXGroup section */
		777682BA273AFFCF00AD3739 /* ListingDetail */ = {
			isa = PBXGroup;
			children = (
				777682C3273B0E9400AD3739 /* Objc */,
				777682BB273AFFE100AD3739 /* ListingDetailViewController.swift */,
				777682BD273AFFF000AD3739 /* ListingDetail.storyboard */,
				777682BF273B043D00AD3739 /* ListingChallenge-Bridging-Header.h */,
			);
			path = ListingDetail;
			sourceTree = "<group>";
		};
		777682C3273B0E9400AD3739 /* Objc */ = {
			isa = PBXGroup;
			children = (
				777682C1273B043D00AD3739 /* ListingDetailViewController_v1.m */,
				777682C0273B043D00AD3739 /* ListingDetailViewController_v1.h */,
			);
			path = Objc;
			sourceTree = "<group>";
		};
		7794FE72273A86D600A05201 = {
			isa = PBXGroup;
			children = (
				7794FE7D273A86D600A05201 /* ListingChallenge */,
				7794FE94273A86D800A05201 /* ListingChallengeTests */,
				7794FE7C273A86D600A05201 /* Products */,
			);
			sourceTree = "<group>";
		};
		7794FE7C273A86D600A05201 /* Products */ = {
			isa = PBXGroup;
			children = (
				7794FE7B273A86D600A05201 /* ListingChallenge.app */,
				7794FE91273A86D800A05201 /* ListingChallengeTests.xctest */,
			);
			name = Products;
			sourceTree = "<group>";
		};
		7794FE7D273A86D600A05201 /* ListingChallenge */ = {
			isa = PBXGroup;
			children = (
				7794FEAE273A876C00A05201 /* AppRoot */,
				7794FEF4273A8BE400A05201 /* Constants */,
				7794FEEF273A8B8900A05201 /* Network */,
				7794FEDF273A8ADA00A05201 /* Features */,
				7794FED2273A888900A05201 /* Scenes */,
				7794FEB3273A87B000A05201 /* Common */,
				7794FE87273A86D700A05201 /* Assets.xcassets */,
				7794FE89273A86D700A05201 /* LaunchScreen.storyboard */,
				7794FE8C273A86D700A05201 /* Info.plist */,
			);
			path = ListingChallenge;
			sourceTree = "<group>";
		};
		7794FE94273A86D800A05201 /* ListingChallengeTests */ = {
			isa = PBXGroup;
			children = (
				77B90EFD273BC544006DD30C /* UnitTests */,
				77B90F05273BC554006DD30C /* Mocks */,
				77B90F02273BC54D006DD30C /* Responses */,
			);
			path = ListingChallengeTests;
			sourceTree = "<group>";
		};
		7794FEAE273A876C00A05201 /* AppRoot */ = {
			isa = PBXGroup;
			children = (
				7794FEB1273A877F00A05201 /* AppServiceLocator.swift */,
				7794FEAF273A877900A05201 /* AppCoordinator.swift */,
				7794FE80273A86D600A05201 /* SceneDelegate.swift */,
				7794FE7E273A86D600A05201 /* AppDelegate.swift */,
			);
			path = AppRoot;
			sourceTree = "<group>";
		};
		7794FEB3273A87B000A05201 /* Common */ = {
			isa = PBXGroup;
			children = (
				7794FEB4273A87B000A05201 /* Coordinator */,
				7794FEB7273A87B000A05201 /* Utils */,
				7794FEB9273A87B000A05201 /* Extensions */,
				7794FEC3273A87B000A05201 /* Controllers */,
			);
			path = Common;
			sourceTree = "<group>";
		};
		7794FEB4273A87B000A05201 /* Coordinator */ = {
			isa = PBXGroup;
			children = (
				7794FEB5273A87B000A05201 /* BaseCoordinator.swift */,
				7794FEB6273A87B000A05201 /* Coordinator.swift */,
			);
			path = Coordinator;
			sourceTree = "<group>";
		};
		7794FEB7273A87B000A05201 /* Utils */ = {
			isa = PBXGroup;
			children = (
				7794FEB8273A87B000A05201 /* Run.swift */,
			);
			path = Utils;
			sourceTree = "<group>";
		};
		7794FEB9273A87B000A05201 /* Extensions */ = {
			isa = PBXGroup;
			children = (
				7794FEBA273A87B000A05201 /* UIFont+Extension.swift */,
				7794FEBB273A87B000A05201 /* UIColor+Extension.swift */,
				7794FEBC273A87B000A05201 /* Array.swift */,
				7794FEBD273A87B000A05201 /* UIViewController+Extension.swift */,
				7794FEBE273A87B000A05201 /* UIStoryboard+Extension.swift */,
				7794FEBF273A87B000A05201 /* Int.swift */,
				7794FEC0273A87B000A05201 /* UITableViewCell.swift */,
				7794FEC1273A87B000A05201 /* UIImageView.swift */,
				7794FEC2273A87B000A05201 /* UITableView+Extension.swift */,
			);
			path = Extensions;
			sourceTree = "<group>";
		};
		7794FEC3273A87B000A05201 /* Controllers */ = {
			isa = PBXGroup;
			children = (
				7794FEC4273A87B000A05201 /* AppNavigationController.swift */,
			);
			path = Controllers;
			sourceTree = "<group>";
		};
		7794FED2273A888900A05201 /* Scenes */ = {
			isa = PBXGroup;
			children = (
				777682BA273AFFCF00AD3739 /* ListingDetail */,
				7794FED3273A889500A05201 /* Listing */,
			);
			path = Scenes;
			sourceTree = "<group>";
		};
		7794FED3273A889500A05201 /* Listing */ = {
			isa = PBXGroup;
			children = (
				7794FED4273A88A200A05201 /* Cell */,
				7794FED7273A88C600A05201 /* ListingViewModelDelegate.swift */,
				7794FED5273A88BA00A05201 /* ListingViewModel.swift */,
				7794FED9273A89AF00A05201 /* Listing.storyboard */,
				7794FEDB273A89FA00A05201 /* ListingViewController.swift */,
				7794FEDD273A8A9300A05201 /* ListingCoordinator.swift */,
			);
			path = Listing;
			sourceTree = "<group>";
		};
		7794FED4273A88A200A05201 /* Cell */ = {
			isa = PBXGroup;
			children = (
				7794FEF7273A92F700A05201 /* ListingTableViewCell.swift */,
				7794FEFC273ACD3100A05201 /* ListingRowViewModel.swift */,
			);
			path = Cell;
			sourceTree = "<group>";
		};
		7794FEDF273A8ADA00A05201 /* Features */ = {
			isa = PBXGroup;
			children = (
				7794FEE3273A8B2200A05201 /* DataProvider */,
				7794FEE0273A8AE400A05201 /* Factory */,
			);
			path = Features;
			sourceTree = "<group>";
		};
		7794FEE0273A8AE400A05201 /* Factory */ = {
			isa = PBXGroup;
			children = (
				7794FEE1273A8AE400A05201 /* ListingViewControllersFactory.swift */,
			);
			path = Factory;
			sourceTree = "<group>";
		};
		7794FEE3273A8B2200A05201 /* DataProvider */ = {
			isa = PBXGroup;
			children = (
				7794FEE4273A8B2200A05201 /* NetworkUseCase */,
				7794FEE7273A8B2200A05201 /* UseCases */,
				7794FEE9273A8B2200A05201 /* Entities */,
			);
			path = DataProvider;
			sourceTree = "<group>";
		};
		7794FEE4273A8B2200A05201 /* NetworkUseCase */ = {
			isa = PBXGroup;
			children = (
				7794FEE5273A8B2200A05201 /* NetworkError.swift */,
				7794FEE6273A8B2200A05201 /* NetworkListingUseCase.swift */,
			);
			path = NetworkUseCase;
			sourceTree = "<group>";
		};
		7794FEE7273A8B2200A05201 /* UseCases */ = {
			isa = PBXGroup;
			children = (
				7794FEE8273A8B2200A05201 /* ListingUseCase.swift */,
			);
			path = UseCases;
			sourceTree = "<group>";
		};
		7794FEE9273A8B2200A05201 /* Entities */ = {
			isa = PBXGroup;
			children = (
				7794FEEA273A8B2200A05201 /* Listing.swift */,
			);
			path = Entities;
			sourceTree = "<group>";
		};
		7794FEEF273A8B8900A05201 /* Network */ = {
			isa = PBXGroup;
			children = (
				7794FEF0273A8B8900A05201 /* NetworkServiceProtocol.swift */,
				7794FEF1273A8B8900A05201 /* NetworkService.swift */,
			);
			path = Network;
			sourceTree = "<group>";
		};
		7794FEF4273A8BE400A05201 /* Constants */ = {
			isa = PBXGroup;
			children = (
				7794FEF5273A8BE400A05201 /* APIConstants.swift */,
			);
			path = Constants;
			sourceTree = "<group>";
		};
		77B90EFD273BC544006DD30C /* UnitTests */ = {
			isa = PBXGroup;
			children = (
				77B90EFE273BC544006DD30C /* ListingUseCaseTests.swift */,
				77B90EFF273BC544006DD30C /* ListingViewModelTests.swift */,
			);
			path = UnitTests;
			sourceTree = "<group>";
		};
		77B90F02273BC54D006DD30C /* Responses */ = {
			isa = PBXGroup;
			children = (
				77B90F03273BC54D006DD30C /* Listings.json */,
			);
			path = Responses;
			sourceTree = "<group>";
		};
		77B90F05273BC554006DD30C /* Mocks */ = {
			isa = PBXGroup;
			children = (
				77B90F06273BC554006DD30C /* NetworkServiceMock.swift */,
				77B90F07273BC554006DD30C /* ListingNavigatorMock.swift */,
				77B90F08273BC554006DD30C /* ListingUseCaseMock.swift */,
			);
			path = Mocks;
			sourceTree = "<group>";
		};
/* End PBXGroup section */

/* Begin PBXNativeTarget section */
		7794FE7A273A86D600A05201 /* ListingChallenge */ = {
			isa = PBXNativeTarget;
			buildConfigurationList = 7794FEA5273A86D800A05201 /* Build configuration list for PBXNativeTarget "ListingChallenge" */;
			buildPhases = (
				7794FE77273A86D600A05201 /* Sources */,
				7794FE78273A86D600A05201 /* Frameworks */,
				7794FE79273A86D600A05201 /* Resources */,
			);
			buildRules = (
			);
			dependencies = (
			);
			name = ListingChallenge;
			packageProductDependencies = (
				7794FEFA273A949200A05201 /* SDWebImage */,
			);
			productName = ListingChallenge;
			productReference = 7794FE7B273A86D600A05201 /* ListingChallenge.app */;
			productType = "com.apple.product-type.application";
		};
		7794FE90273A86D800A05201 /* ListingChallengeTests */ = {
			isa = PBXNativeTarget;
			buildConfigurationList = 7794FEA8273A86D800A05201 /* Build configuration list for PBXNativeTarget "ListingChallengeTests" */;
			buildPhases = (
				7794FE8D273A86D800A05201 /* Sources */,
				7794FE8E273A86D800A05201 /* Frameworks */,
				7794FE8F273A86D800A05201 /* Resources */,
			);
			buildRules = (
			);
			dependencies = (
				7794FE93273A86D800A05201 /* PBXTargetDependency */,
			);
			name = ListingChallengeTests;
			productName = ListingChallengeTests;
			productReference = 7794FE91273A86D800A05201 /* ListingChallengeTests.xctest */;
			productType = "com.apple.product-type.bundle.unit-test";
		};
/* End PBXNativeTarget section */

/* Begin PBXProject section */
		7794FE73273A86D600A05201 /* Project object */ = {
			isa = PBXProject;
			attributes = {
				BuildIndependentTargetsInParallel = 1;
				LastSwiftUpdateCheck = 1300;
				LastUpgradeCheck = 1300;
				TargetAttributes = {
					7794FE7A273A86D600A05201 = {
						CreatedOnToolsVersion = 13.0;
						LastSwiftMigration = 1300;
					};
					7794FE90273A86D800A05201 = {
						CreatedOnToolsVersion = 13.0;
						TestTargetID = 7794FE7A273A86D600A05201;
					};
				};
			};
			buildConfigurationList = 7794FE76273A86D600A05201 /* Build configuration list for PBXProject "ListingChallenge" */;
			compatibilityVersion = "Xcode 13.0";
			developmentRegion = en;
			hasScannedForEncodings = 0;
			knownRegions = (
				en,
				Base,
			);
			mainGroup = 7794FE72273A86D600A05201;
			packageReferences = (
				7794FEF9273A949200A05201 /* XCRemoteSwiftPackageReference "SDWebImage" */,
			);
			productRefGroup = 7794FE7C273A86D600A05201 /* Products */;
			projectDirPath = "";
			projectRoot = "";
			targets = (
				7794FE7A273A86D600A05201 /* ListingChallenge */,
				7794FE90273A86D800A05201 /* ListingChallengeTests */,
			);
		};
/* End PBXProject section */

/* Begin PBXResourcesBuildPhase section */
		7794FE79273A86D600A05201 /* Resources */ = {
			isa = PBXResourcesBuildPhase;
			buildActionMask = 2147483647;
			files = (
				7794FE8B273A86D700A05201 /* LaunchScreen.storyboard in Resources */,
				777682BE273AFFF000AD3739 /* ListingDetail.storyboard in Resources */,
				7794FE88273A86D700A05201 /* Assets.xcassets in Resources */,
				7794FEDA273A89AF00A05201 /* Listing.storyboard in Resources */,
			);
			runOnlyForDeploymentPostprocessing = 0;
		};
		7794FE8F273A86D800A05201 /* Resources */ = {
			isa = PBXResourcesBuildPhase;
			buildActionMask = 2147483647;
			files = (
				77B90F04273BC54D006DD30C /* Listings.json in Resources */,
			);
			runOnlyForDeploymentPostprocessing = 0;
		};
/* End PBXResourcesBuildPhase section */

/* Begin PBXSourcesBuildPhase section */
		7794FE77273A86D600A05201 /* Sources */ = {
			isa = PBXSourcesBuildPhase;
			buildActionMask = 2147483647;
			files = (
				7794FECE273A87B000A05201 /* UITableViewCell.swift in Sources */,
				7794FECB273A87B000A05201 /* UIViewController+Extension.swift in Sources */,
				7794FEF8273A92F700A05201 /* ListingTableViewCell.swift in Sources */,
				7794FED8273A88C600A05201 /* ListingViewModelDelegate.swift in Sources */,
				7794FEB2273A877F00A05201 /* AppServiceLocator.swift in Sources */,
				7794FED6273A88BA00A05201 /* ListingViewModel.swift in Sources */,
				777682C2273B043D00AD3739 /* ListingDetailViewController_v1.m in Sources */,
				7794FEC7273A87B000A05201 /* Run.swift in Sources */,
				7794FECD273A87B000A05201 /* Int.swift in Sources */,
				7794FEC5273A87B000A05201 /* BaseCoordinator.swift in Sources */,
				7794FED0273A87B000A05201 /* UITableView+Extension.swift in Sources */,
				7794FEEB273A8B2200A05201 /* NetworkError.swift in Sources */,
				7794FEB0273A877900A05201 /* AppCoordinator.swift in Sources */,
				7794FEED273A8B2200A05201 /* ListingUseCase.swift in Sources */,
				7794FECC273A87B000A05201 /* UIStoryboard+Extension.swift in Sources */,
				7794FED1273A87B000A05201 /* AppNavigationController.swift in Sources */,
				7794FECF273A87B000A05201 /* UIImageView.swift in Sources */,
				7794FEE2273A8AE400A05201 /* ListingViewControllersFactory.swift in Sources */,
				7794FEFD273ACD3100A05201 /* ListingRowViewModel.swift in Sources */,
				7794FE7F273A86D600A05201 /* AppDelegate.swift in Sources */,
				7794FECA273A87B000A05201 /* Array.swift in Sources */,
				7794FEC8273A87B000A05201 /* UIFont+Extension.swift in Sources */,
				7794FEDE273A8A9300A05201 /* ListingCoordinator.swift in Sources */,
				7794FEEC273A8B2200A05201 /* NetworkListingUseCase.swift in Sources */,
				7794FE81273A86D600A05201 /* SceneDelegate.swift in Sources */,
				7794FEDC273A89FA00A05201 /* ListingViewController.swift in Sources */,
				7794FEF2273A8B8900A05201 /* NetworkServiceProtocol.swift in Sources */,
				777682BC273AFFE100AD3739 /* ListingDetailViewController.swift in Sources */,
				7794FEEE273A8B2200A05201 /* Listing.swift in Sources */,
				7794FEF6273A8BE400A05201 /* APIConstants.swift in Sources */,
				7794FEF3273A8B8900A05201 /* NetworkService.swift in Sources */,
				7794FEC6273A87B000A05201 /* Coordinator.swift in Sources */,
				7794FEC9273A87B000A05201 /* UIColor+Extension.swift in Sources */,
			);
			runOnlyForDeploymentPostprocessing = 0;
		};
		7794FE8D273A86D800A05201 /* Sources */ = {
			isa = PBXSourcesBuildPhase;
			buildActionMask = 2147483647;
			files = (
				77B90F0A273BC554006DD30C /* ListingNavigatorMock.swift in Sources */,
				77B90F09273BC554006DD30C /* NetworkServiceMock.swift in Sources */,
				77B90F0B273BC554006DD30C /* ListingUseCaseMock.swift in Sources */,
				77B90F01273BC544006DD30C /* ListingViewModelTests.swift in Sources */,
				77B90F00273BC544006DD30C /* ListingUseCaseTests.swift in Sources */,
			);
			runOnlyForDeploymentPostprocessing = 0;
		};
/* End PBXSourcesBuildPhase section */

/* Begin PBXTargetDependency section */
		7794FE93273A86D800A05201 /* PBXTargetDependency */ = {
			isa = PBXTargetDependency;
			target = 7794FE7A273A86D600A05201 /* ListingChallenge */;
			targetProxy = 7794FE92273A86D800A05201 /* PBXContainerItemProxy */;
		};
/* End PBXTargetDependency section */

/* Begin PBXVariantGroup section */
		7794FE89273A86D700A05201 /* LaunchScreen.storyboard */ = {
			isa = PBXVariantGroup;
			children = (
				7794FE8A273A86D700A05201 /* Base */,
			);
			name = LaunchScreen.storyboard;
			sourceTree = "<group>";
		};
/* End PBXVariantGroup section */

/* Begin XCBuildConfiguration section */
		7794FEA3273A86D800A05201 /* Debug */ = {
			isa = XCBuildConfiguration;
			buildSettings = {
				ALWAYS_SEARCH_USER_PATHS = NO;
				CLANG_ANALYZER_NONNULL = YES;
				CLANG_ANALYZER_NUMBER_OBJECT_CONVERSION = YES_AGGRESSIVE;
				CLANG_CXX_LANGUAGE_STANDARD = "gnu++17";
				CLANG_CXX_LIBRARY = "libc++";
				CLANG_ENABLE_MODULES = YES;
				CLANG_ENABLE_OBJC_ARC = YES;
				CLANG_ENABLE_OBJC_WEAK = YES;
				CLANG_WARN_BLOCK_CAPTURE_AUTORELEASING = YES;
				CLANG_WARN_BOOL_CONVERSION = YES;
				CLANG_WARN_COMMA = YES;
				CLANG_WARN_CONSTANT_CONVERSION = YES;
				CLANG_WARN_DEPRECATED_OBJC_IMPLEMENTATIONS = YES;
				CLANG_WARN_DIRECT_OBJC_ISA_USAGE = YES_ERROR;
				CLANG_WARN_DOCUMENTATION_COMMENTS = YES;
				CLANG_WARN_EMPTY_BODY = YES;
				CLANG_WARN_ENUM_CONVERSION = YES;
				CLANG_WARN_INFINITE_RECURSION = YES;
				CLANG_WARN_INT_CONVERSION = YES;
				CLANG_WARN_NON_LITERAL_NULL_CONVERSION = YES;
				CLANG_WARN_OBJC_IMPLICIT_RETAIN_SELF = YES;
				CLANG_WARN_OBJC_LITERAL_CONVERSION = YES;
				CLANG_WARN_OBJC_ROOT_CLASS = YES_ERROR;
				CLANG_WARN_QUOTED_INCLUDE_IN_FRAMEWORK_HEADER = YES;
				CLANG_WARN_RANGE_LOOP_ANALYSIS = YES;
				CLANG_WARN_STRICT_PROTOTYPES = YES;
				CLANG_WARN_SUSPICIOUS_MOVE = YES;
				CLANG_WARN_UNGUARDED_AVAILABILITY = YES_AGGRESSIVE;
				CLANG_WARN_UNREACHABLE_CODE = YES;
				CLANG_WARN__DUPLICATE_METHOD_MATCH = YES;
				COPY_PHASE_STRIP = NO;
				DEBUG_INFORMATION_FORMAT = dwarf;
				ENABLE_STRICT_OBJC_MSGSEND = YES;
				ENABLE_TESTABILITY = YES;
				GCC_C_LANGUAGE_STANDARD = gnu11;
				GCC_DYNAMIC_NO_PIC = NO;
				GCC_NO_COMMON_BLOCKS = YES;
				GCC_OPTIMIZATION_LEVEL = 0;
				GCC_PREPROCESSOR_DEFINITIONS = (
					"DEBUG=1",
					"$(inherited)",
				);
				GCC_WARN_64_TO_32_BIT_CONVERSION = YES;
				GCC_WARN_ABOUT_RETURN_TYPE = YES_ERROR;
				GCC_WARN_UNDECLARED_SELECTOR = YES;
				GCC_WARN_UNINITIALIZED_AUTOS = YES_AGGRESSIVE;
				GCC_WARN_UNUSED_FUNCTION = YES;
				GCC_WARN_UNUSED_VARIABLE = YES;
				IPHONEOS_DEPLOYMENT_TARGET = 14.0;
				MTL_ENABLE_DEBUG_INFO = INCLUDE_SOURCE;
				MTL_FAST_MATH = YES;
				ONLY_ACTIVE_ARCH = YES;
				SDKROOT = iphoneos;
				SWIFT_ACTIVE_COMPILATION_CONDITIONS = DEBUG;
				SWIFT_OPTIMIZATION_LEVEL = "-Onone";
			};
			name = Debug;
		};
		7794FEA4273A86D800A05201 /* Release */ = {
			isa = XCBuildConfiguration;
			buildSettings = {
				ALWAYS_SEARCH_USER_PATHS = NO;
				CLANG_ANALYZER_NONNULL = YES;
				CLANG_ANALYZER_NUMBER_OBJECT_CONVERSION = YES_AGGRESSIVE;
				CLANG_CXX_LANGUAGE_STANDARD = "gnu++17";
				CLANG_CXX_LIBRARY = "libc++";
				CLANG_ENABLE_MODULES = YES;
				CLANG_ENABLE_OBJC_ARC = YES;
				CLANG_ENABLE_OBJC_WEAK = YES;
				CLANG_WARN_BLOCK_CAPTURE_AUTORELEASING = YES;
				CLANG_WARN_BOOL_CONVERSION = YES;
				CLANG_WARN_COMMA = YES;
				CLANG_WARN_CONSTANT_CONVERSION = YES;
				CLANG_WARN_DEPRECATED_OBJC_IMPLEMENTATIONS = YES;
				CLANG_WARN_DIRECT_OBJC_ISA_USAGE = YES_ERROR;
				CLANG_WARN_DOCUMENTATION_COMMENTS = YES;
				CLANG_WARN_EMPTY_BODY = YES;
				CLANG_WARN_ENUM_CONVERSION = YES;
				CLANG_WARN_INFINITE_RECURSION = YES;
				CLANG_WARN_INT_CONVERSION = YES;
				CLANG_WARN_NON_LITERAL_NULL_CONVERSION = YES;
				CLANG_WARN_OBJC_IMPLICIT_RETAIN_SELF = YES;
				CLANG_WARN_OBJC_LITERAL_CONVERSION = YES;
				CLANG_WARN_OBJC_ROOT_CLASS = YES_ERROR;
				CLANG_WARN_QUOTED_INCLUDE_IN_FRAMEWORK_HEADER = YES;
				CLANG_WARN_RANGE_LOOP_ANALYSIS = YES;
				CLANG_WARN_STRICT_PROTOTYPES = YES;
				CLANG_WARN_SUSPICIOUS_MOVE = YES;
				CLANG_WARN_UNGUARDED_AVAILABILITY = YES_AGGRESSIVE;
				CLANG_WARN_UNREACHABLE_CODE = YES;
				CLANG_WARN__DUPLICATE_METHOD_MATCH = YES;
				COPY_PHASE_STRIP = NO;
				DEBUG_INFORMATION_FORMAT = "dwarf-with-dsym";
				ENABLE_NS_ASSERTIONS = NO;
				ENABLE_STRICT_OBJC_MSGSEND = YES;
				GCC_C_LANGUAGE_STANDARD = gnu11;
				GCC_NO_COMMON_BLOCKS = YES;
				GCC_WARN_64_TO_32_BIT_CONVERSION = YES;
				GCC_WARN_ABOUT_RETURN_TYPE = YES_ERROR;
				GCC_WARN_UNDECLARED_SELECTOR = YES;
				GCC_WARN_UNINITIALIZED_AUTOS = YES_AGGRESSIVE;
				GCC_WARN_UNUSED_FUNCTION = YES;
				GCC_WARN_UNUSED_VARIABLE = YES;
				IPHONEOS_DEPLOYMENT_TARGET = 14.0;
				MTL_ENABLE_DEBUG_INFO = NO;
				MTL_FAST_MATH = YES;
				SDKROOT = iphoneos;
				SWIFT_COMPILATION_MODE = wholemodule;
				SWIFT_OPTIMIZATION_LEVEL = "-O";
				VALIDATE_PRODUCT = YES;
			};
			name = Release;
		};
		7794FEA6273A86D800A05201 /* Debug */ = {
			isa = XCBuildConfiguration;
			buildSettings = {
				ASSETCATALOG_COMPILER_APPICON_NAME = AppIcon;
				ASSETCATALOG_COMPILER_GLOBAL_ACCENT_COLOR_NAME = AccentColor;
				CLANG_ENABLE_MODULES = YES;
				CODE_SIGN_STYLE = Automatic;
				CURRENT_PROJECT_VERSION = 1;
				GENERATE_INFOPLIST_FILE = YES;
				INFOPLIST_FILE = ListingChallenge/Info.plist;
				INFOPLIST_KEY_UIApplicationSupportsIndirectInputEvents = YES;
				INFOPLIST_KEY_UILaunchStoryboardName = LaunchScreen;
				INFOPLIST_KEY_UISupportedInterfaceOrientations_iPad = "UIInterfaceOrientationPortrait UIInterfaceOrientationPortraitUpsideDown UIInterfaceOrientationLandscapeLeft UIInterfaceOrientationLandscapeRight";
				INFOPLIST_KEY_UISupportedInterfaceOrientations_iPhone = "UIInterfaceOrientationPortrait UIInterfaceOrientationLandscapeLeft UIInterfaceOrientationLandscapeRight";
				LD_RUNPATH_SEARCH_PATHS = (
					"$(inherited)",
					"@executable_path/Frameworks",
				);
				MARKETING_VERSION = 1.0;
				PRODUCT_BUNDLE_IDENTIFIER = com.moviestore.ListingChallenge;
				PRODUCT_NAME = "$(TARGET_NAME)";
				SWIFT_EMIT_LOC_STRINGS = YES;
				SWIFT_OBJC_BRIDGING_HEADER = "ListingChallenge/Scenes/ListingDetail/ListingChallenge-Bridging-Header.h";
				SWIFT_OPTIMIZATION_LEVEL = "-Onone";
				SWIFT_VERSION = 5.0;
				TARGETED_DEVICE_FAMILY = "1,2";
			};
			name = Debug;
		};
		7794FEA7273A86D800A05201 /* Release */ = {
			isa = XCBuildConfiguration;
			buildSettings = {
				ASSETCATALOG_COMPILER_APPICON_NAME = AppIcon;
				ASSETCATALOG_COMPILER_GLOBAL_ACCENT_COLOR_NAME = AccentColor;
				CLANG_ENABLE_MODULES = YES;
				CODE_SIGN_STYLE = Automatic;
				CURRENT_PROJECT_VERSION = 1;
				GENERATE_INFOPLIST_FILE = YES;
				INFOPLIST_FILE = ListingChallenge/Info.plist;
				INFOPLIST_KEY_UIApplicationSupportsIndirectInputEvents = YES;
				INFOPLIST_KEY_UILaunchStoryboardName = LaunchScreen;
				INFOPLIST_KEY_UISupportedInterfaceOrientations_iPad = "UIInterfaceOrientationPortrait UIInterfaceOrientationPortraitUpsideDown UIInterfaceOrientationLandscapeLeft UIInterfaceOrientationLandscapeRight";
				INFOPLIST_KEY_UISupportedInterfaceOrientations_iPhone = "UIInterfaceOrientationPortrait UIInterfaceOrientationLandscapeLeft UIInterfaceOrientationLandscapeRight";
				LD_RUNPATH_SEARCH_PATHS = (
					"$(inherited)",
					"@executable_path/Frameworks",
				);
				MARKETING_VERSION = 1.0;
				PRODUCT_BUNDLE_IDENTIFIER = com.moviestore.ListingChallenge;
				PRODUCT_NAME = "$(TARGET_NAME)";
				SWIFT_EMIT_LOC_STRINGS = YES;
				SWIFT_OBJC_BRIDGING_HEADER = "ListingChallenge/Scenes/ListingDetail/ListingChallenge-Bridging-Header.h";
				SWIFT_VERSION = 5.0;
				TARGETED_DEVICE_FAMILY = "1,2";
			};
			name = Release;
		};
		7794FEA9273A86D800A05201 /* Debug */ = {
			isa = XCBuildConfiguration;
			buildSettings = {
				ALWAYS_EMBED_SWIFT_STANDARD_LIBRARIES = YES;
				BUNDLE_LOADER = "$(TEST_HOST)";
				CODE_SIGN_STYLE = Automatic;
				CURRENT_PROJECT_VERSION = 1;
				GENERATE_INFOPLIST_FILE = YES;
				IPHONEOS_DEPLOYMENT_TARGET = 15.0;
				LD_RUNPATH_SEARCH_PATHS = (
					"$(inherited)",
					"@executable_path/Frameworks",
					"@loader_path/Frameworks",
				);
				MARKETING_VERSION = 1.0;
				PRODUCT_BUNDLE_IDENTIFIER = com.moviestore.ListingChallengeTests;
				PRODUCT_NAME = "$(TARGET_NAME)";
				SWIFT_EMIT_LOC_STRINGS = NO;
				SWIFT_VERSION = 5.0;
				TARGETED_DEVICE_FAMILY = "1,2";
				TEST_HOST = "$(BUILT_PRODUCTS_DIR)/ListingChallenge.app/ListingChallenge";
			};
			name = Debug;
		};
		7794FEAA273A86D800A05201 /* Release */ = {
			isa = XCBuildConfiguration;
			buildSettings = {
				ALWAYS_EMBED_SWIFT_STANDARD_LIBRARIES = YES;
				BUNDLE_LOADER = "$(TEST_HOST)";
				CODE_SIGN_STYLE = Automatic;
				CURRENT_PROJECT_VERSION = 1;
				GENERATE_INFOPLIST_FILE = YES;
				IPHONEOS_DEPLOYMENT_TARGET = 15.0;
				LD_RUNPATH_SEARCH_PATHS = (
					"$(inherited)",
					"@executable_path/Frameworks",
					"@loader_path/Frameworks",
				);
				MARKETING_VERSION = 1.0;
				PRODUCT_BUNDLE_IDENTIFIER = com.moviestore.ListingChallengeTests;
				PRODUCT_NAME = "$(TARGET_NAME)";
				SWIFT_EMIT_LOC_STRINGS = NO;
				SWIFT_VERSION = 5.0;
				TARGETED_DEVICE_FAMILY = "1,2";
				TEST_HOST = "$(BUILT_PRODUCTS_DIR)/ListingChallenge.app/ListingChallenge";
			};
			name = Release;
		};
/* End XCBuildConfiguration section */

/* Begin XCConfigurationList section */
		7794FE76273A86D600A05201 /* Build configuration list for PBXProject "ListingChallenge" */ = {
			isa = XCConfigurationList;
			buildConfigurations = (
				7794FEA3273A86D800A05201 /* Debug */,
				7794FEA4273A86D800A05201 /* Release */,
			);
			defaultConfigurationIsVisible = 0;
			defaultConfigurationName = Release;
		};
		7794FEA5273A86D800A05201 /* Build configuration list for PBXNativeTarget "ListingChallenge" */ = {
			isa = XCConfigurationList;
			buildConfigurations = (
				7794FEA6273A86D800A05201 /* Debug */,
				7794FEA7273A86D800A05201 /* Release */,
			);
			defaultConfigurationIsVisible = 0;
			defaultConfigurationName = Release;
		};
		7794FEA8273A86D800A05201 /* Build configuration list for PBXNativeTarget "ListingChallengeTests" */ = {
			isa = XCConfigurationList;
			buildConfigurations = (
				7794FEA9273A86D800A05201 /* Debug */,
				7794FEAA273A86D800A05201 /* Release */,
			);
			defaultConfigurationIsVisible = 0;
			defaultConfigurationName = Release;
		};
/* End XCConfigurationList section */

/* Begin XCRemoteSwiftPackageReference section */
		7794FEF9273A949200A05201 /* XCRemoteSwiftPackageReference "SDWebImage" */ = {
			isa = XCRemoteSwiftPackageReference;
			repositoryURL = "https://github.com/SDWebImage/SDWebImage.git";
			requirement = {
				kind = upToNextMajorVersion;
				minimumVersion = 5.0.0;
			};
		};
/* End XCRemoteSwiftPackageReference section */

/* Begin XCSwiftPackageProductDependency section */
		7794FEFA273A949200A05201 /* SDWebImage */ = {
			isa = XCSwiftPackageProductDependency;
			package = 7794FEF9273A949200A05201 /* XCRemoteSwiftPackageReference "SDWebImage" */;
			productName = SDWebImage;
		};
/* End XCSwiftPackageProductDependency section */
	};
	rootObject = 7794FE73273A86D600A05201 /* Project object */;
}
